
Microsoft Visual Studio Solution File, Format Version 12.00
# Visual Studio Version 17
VisualStudioVersion = 17.9.34714.143
MinimumVisualStudioVersion = 10.0.40219.1
Project("{9A19103F-16F7-4668-BE54-9A1E7A4F7556}") = "s3backup", "s3backup\s3backup.csproj", "{8A8E3D40-C529-48B9-877B-CA34653C9A8C}"
EndProject
Global
	GlobalSection(SolutionConfigurationPlatforms) = preSolution
		Debug|Any CPU = Debug|Any CPU
		Release|Any CPU = Release|Any CPU
	EndGlobalSection
	GlobalSection(ProjectConfigurationPlatforms) = postSolution
		{8A8E3D40-C529-48B9-877B-CA34653C9A8C}.Debug|Any CPU.ActiveCfg = Debug|Any CPU
		{8A8E3D40-C529-48B9-877B-CA34653C9A8C}.Debug|Any CPU.Build.0 = Debug|Any CPU
		{8A8E3D40-C529-48B9-877B-CA34653C9A8C}.Release|Any CPU.ActiveCfg = Release|Any CPU
		{8A8E3D40-C529-48B9-877B-CA34653C9A8C}.Release|Any CPU.Build.0 = Release|Any CPU
	EndGlobalSection
	GlobalSection(SolutionProperties) = preSolution
		HideSolutionNode = FALSE
	EndGlobalSection
	GlobalSection(ExtensibilityGlobals) = postSolution
		SolutionGuid = {05816E37-54BC-4328-8BA3-7346B6FFEBFC}
	EndGlobalSection
EndGlobal
